Microsoft Visual Studio Solution File, Format Version 12.00
# Visual Studio Version 17
VisualStudioVersion = 17.5.2.0
MinimumVisualStudioVersion = 10.0.40219.1
Project("{FAE04EC0-301F-11D3-BF4B-00C04F79EFBC}") = "AnimalKingdom", "AnimalKingdom.csproj", "{859A30E6-084F-CFA5-3078-6D2697113FA5}"
EndProject
Global
	GlobalSection(SolutionConfigurationPlatforms) = preSolution
		Debug|Any CPU = Debug|Any CPU
		Release|Any CPU = Release|Any CPU
	EndGlobalSection
	GlobalSection(ProjectConfigurationPlatforms) = postSolution
		{859A30E6-084F-CFA5-3078-6D2697113FA5}.Debug|Any CPU.ActiveCfg = Debug|Any CPU
		{859A30E6-084F-CFA5-3078-6D2697113FA5}.Debug|Any CPU.Build.0 = Debug|Any CPU
		{859A30E6-084F-CFA5-3078-6D2697113FA5}.Release|Any CPU.ActiveCfg = Release|Any CPU
		{859A30E6-084F-CFA5-3078-6D2697113FA5}.Release|Any CPU.Build.0 = Release|Any CPU
	EndGlobalSection
	GlobalSection(SolutionProperties) = preSolution
		HideSolutionNode = FALSE
	EndGlobalSection
	GlobalSection(ExtensibilityGlobals) = postSolution
		SolutionGuid = {480BBA06-DE90-46AC-9E32-6A9F4B8F6F79}
	EndGlobalSection
EndGlobal
